
Microsoft Visual Studio Solution File, Format Version 12.00
# Visual Studio 15
VisualStudioVersion = 15.0.28307.539
MinimumVisualStudioVersion = 10.0.40219.1
Project("{FAE04EC0-301F-11D3-BF4B-00C04F79EFBC}") = "NA_laba5", "NA_laba5\NA_laba5.csproj", "{21FD3ADD-A97A-4883-8850-34B6ED9D9DBC}"
EndProject
Global
	GlobalSection(SolutionConfigurationPlatforms) = preSolution
		Debug|Any CPU = Debug|Any CPU
		Release|Any CPU = Release|Any CPU
	EndGlobalSection
	GlobalSection(ProjectConfigurationPlatforms) = postSolution
		{21FD3ADD-A97A-4883-8850-34B6ED9D9DBC}.Debug|Any CPU.ActiveCfg = Debug|Any CPU
		{21FD3ADD-A97A-4883-8850-34B6ED9D9DBC}.Debug|Any CPU.Build.0 = Debug|Any CPU
		{21FD3ADD-A97A-4883-8850-34B6ED9D9DBC}.Release|Any CPU.ActiveCfg = Release|Any CPU
		{21FD3ADD-A97A-4883-8850-34B6ED9D9DBC}.Release|Any CPU.Build.0 = Release|Any CPU
	EndGlobalSection
	GlobalSection(SolutionProperties) = preSolution
		HideSolutionNode = FALSE
	EndGlobalSection
	GlobalSection(ExtensibilityGlobals) = postSolution
		SolutionGuid = {4043A77F-2A63-4599-B678-6DFDD54F8675}
	EndGlobalSection
EndGlobal
